
Microsoft Visual Studio Solution File, Format Version 12.00
# Visual Studio 2015
Project("{FAE04EC0-301F-11D3-BF4B-00C04F79EFBC}") = "The Wiimote project 2.0.CSharp", "The Wiimote project 2.0.CSharp.csproj", "{081EAC5E-78F4-6BD8-40E2-3617B0EC249B}"
EndProject
Global
	GlobalSection(SolutionConfigurationPlatforms) = preSolution
		Debug|Any CPU = Debug|Any CPU
		Release|Any CPU = Release|Any CPU
	EndGlobalSection
	GlobalSection(ProjectConfigurationPlatforms) = postSolution
		{081EAC5E-78F4-6BD8-40E2-3617B0EC249B}.Debug|Any CPU.ActiveCfg = Debug|Any CPU
		{081EAC5E-78F4-6BD8-40E2-3617B0EC249B}.Debug|Any CPU.Build.0 = Debug|Any CPU
		{081EAC5E-78F4-6BD8-40E2-3617B0EC249B}.Release|Any CPU.ActiveCfg = Release|Any CPU
		{081EAC5E-78F4-6BD8-40E2-3617B0EC249B}.Release|Any CPU.Build.0 = Release|Any CPU
	EndGlobalSection
	GlobalSection(SolutionProperties) = preSolution
		HideSolutionNode = FALSE
	EndGlobalSection
EndGlobal
